
Microsoft Visual Studio Solution File, Format Version 12.00
# Visual Studio Version 16
VisualStudioVersion = 16.0.31613.86
MinimumVisualStudioVersion = 10.0.40219.1
Project("{9A19103F-16F7-4668-BE54-9A1E7A4F7556}") = "Course", "Course\Course.csproj", "{994CA3A2-D411-4263-8AF8-871B71589B48}"
EndProject
Project("{FAE04EC0-301F-11D3-BF4B-00C04F79EFBC}") = "Dicionario", "Dicionario\Dicionario.csproj", "{04BBD92D-1AEB-41BD-B16C-027BFCF21635}"
EndProject
Project("{FAE04EC0-301F-11D3-BF4B-00C04F79EFBC}") = "Dicionario2", "Dicionario2\Dicionario2.csproj", "{63BBC3CE-1DC9-48C5-B89A-11931546AC25}"
EndProject
Project("{FAE04EC0-301F-11D3-BF4B-00C04F79EFBC}") = "Funcao", "Funcao\Funcao.csproj", "{072AE665-42F3-4FAE-B40D-481E51D1DA97}"
EndProject
Global
	GlobalSection(SolutionConfigurationPlatforms) = preSolution
		Debug|Any CPU = Debug|Any CPU
		Release|Any CPU = Release|Any CPU
	EndGlobalSection
	GlobalSection(ProjectConfigurationPlatforms) = postSolution
		{994CA3A2-D411-4263-8AF8-871B71589B48}.Debug|Any CPU.ActiveCfg = Debug|Any CPU
		{994CA3A2-D411-4263-8AF8-871B71589B48}.Debug|Any CPU.Build.0 = Debug|Any CPU
		{994CA3A2-D411-4263-8AF8-871B71589B48}.Release|Any CPU.ActiveCfg = Release|Any CPU
		{994CA3A2-D411-4263-8AF8-871B71589B48}.Release|Any CPU.Build.0 = Release|Any CPU
		{04BBD92D-1AEB-41BD-B16C-027BFCF21635}.Debug|Any CPU.ActiveCfg = Debug|Any CPU
		{04BBD92D-1AEB-41BD-B16C-027BFCF21635}.Debug|Any CPU.Build.0 = Debug|Any CPU
		{04BBD92D-1AEB-41BD-B16C-027BFCF21635}.Release|Any CPU.ActiveCfg = Release|Any CPU
		{04BBD92D-1AEB-41BD-B16C-027BFCF21635}.Release|Any CPU.Build.0 = Release|Any CPU
		{63BBC3CE-1DC9-48C5-B89A-11931546AC25}.Debug|Any CPU.ActiveCfg = Debug|Any CPU
		{63BBC3CE-1DC9-48C5-B89A-11931546AC25}.Debug|Any CPU.Build.0 = Debug|Any CPU
		{63BBC3CE-1DC9-48C5-B89A-11931546AC25}.Release|Any CPU.ActiveCfg = Release|Any CPU
		{63BBC3CE-1DC9-48C5-B89A-11931546AC25}.Release|Any CPU.Build.0 = Release|Any CPU
		{072AE665-42F3-4FAE-B40D-481E51D1DA97}.Debug|Any CPU.ActiveCfg = Debug|Any CPU
		{072AE665-42F3-4FAE-B40D-481E51D1DA97}.Debug|Any CPU.Build.0 = Debug|Any CPU
		{072AE665-42F3-4FAE-B40D-481E51D1DA97}.Release|Any CPU.ActiveCfg = Release|Any CPU
		{072AE665-42F3-4FAE-B40D-481E51D1DA97}.Release|Any CPU.Build.0 = Release|Any CPU
	EndGlobalSection
	GlobalSection(SolutionProperties) = preSolution
		HideSolutionNode = FALSE
	EndGlobalSection
	GlobalSection(ExtensibilityGlobals) = postSolution
		SolutionGuid = {6DE4F38D-6F8B-4C22-9A68-854049CF5288}
	EndGlobalSection
EndGlobal
