
Microsoft Visual Studio Solution File, Format Version 12.00
# Visual Studio Version 16
VisualStudioVersion = 16.0.31613.86
MinimumVisualStudioVersion = 10.0.40219.1
Project("{9A19103F-16F7-4668-BE54-9A1E7A4F7556}") = "Capitulo9", "Capitulo9\Capitulo9.csproj", "{0BD1AFE9-7577-469A-B228-11119E64835E}"
EndProject
Project("{FAE04EC0-301F-11D3-BF4B-00C04F79EFBC}") = "TryCatch", "TryCatch\TryCatch.csproj", "{EBF14BF8-BAD2-4F74-89A2-6967429D49B3}"
EndProject
Project("{FAE04EC0-301F-11D3-BF4B-00C04F79EFBC}") = "Hospital", "Hospital\Hospital.csproj", "{8906DE35-E2CF-4CAB-BB0D-AF86578A56ED}"
EndProject
Global
	GlobalSection(SolutionConfigurationPlatforms) = preSolution
		Debug|Any CPU = Debug|Any CPU
		Release|Any CPU = Release|Any CPU
	EndGlobalSection
	GlobalSection(ProjectConfigurationPlatforms) = postSolution
		{0BD1AFE9-7577-469A-B228-11119E64835E}.Debug|Any CPU.ActiveCfg = Debug|Any CPU
		{0BD1AFE9-7577-469A-B228-11119E64835E}.Debug|Any CPU.Build.0 = Debug|Any CPU
		{0BD1AFE9-7577-469A-B228-11119E64835E}.Release|Any CPU.ActiveCfg = Release|Any CPU
		{0BD1AFE9-7577-469A-B228-11119E64835E}.Release|Any CPU.Build.0 = Release|Any CPU
		{EBF14BF8-BAD2-4F74-89A2-6967429D49B3}.Debug|Any CPU.ActiveCfg = Debug|Any CPU
		{EBF14BF8-BAD2-4F74-89A2-6967429D49B3}.Debug|Any CPU.Build.0 = Debug|Any CPU
		{EBF14BF8-BAD2-4F74-89A2-6967429D49B3}.Release|Any CPU.ActiveCfg = Release|Any CPU
		{EBF14BF8-BAD2-4F74-89A2-6967429D49B3}.Release|Any CPU.Build.0 = Release|Any CPU
		{8906DE35-E2CF-4CAB-BB0D-AF86578A56ED}.Debug|Any CPU.ActiveCfg = Debug|Any CPU
		{8906DE35-E2CF-4CAB-BB0D-AF86578A56ED}.Debug|Any CPU.Build.0 = Debug|Any CPU
		{8906DE35-E2CF-4CAB-BB0D-AF86578A56ED}.Release|Any CPU.ActiveCfg = Release|Any CPU
		{8906DE35-E2CF-4CAB-BB0D-AF86578A56ED}.Release|Any CPU.Build.0 = Release|Any CPU
	EndGlobalSection
	GlobalSection(SolutionProperties) = preSolution
		HideSolutionNode = FALSE
	EndGlobalSection
	GlobalSection(ExtensibilityGlobals) = postSolution
		SolutionGuid = {C7FB47B5-E94C-4D6D-BAEA-D551AE492659}
	EndGlobalSection
EndGlobal
