
Microsoft Visual Studio Solution File, Format Version 12.00
# Visual Studio Version 16
VisualStudioVersion = 16.0.31613.86
MinimumVisualStudioVersion = 10.0.40219.1
Project("{FAE04EC0-301F-11D3-BF4B-00C04F79EFBC}") = "Array", "Capitulo4\Array.csproj", "{357B72F8-4CD4-4D0A-8D39-2E25E0AED074}"
EndProject
Project("{FAE04EC0-301F-11D3-BF4B-00C04F79EFBC}") = "Lista", "Lista\Lista.csproj", "{C0D9B1C0-A890-421E-A357-A7B608C4C751}"
EndProject
Project("{FAE04EC0-301F-11D3-BF4B-00C04F79EFBC}") = "TiposGenericos", "TiposGenericos\TiposGenericos.csproj", "{E0ED926C-1BBC-4302-B71C-798D26A2AAAC}"
EndProject
Global
	GlobalSection(SolutionConfigurationPlatforms) = preSolution
		Debug|Any CPU = Debug|Any CPU
		Release|Any CPU = Release|Any CPU
	EndGlobalSection
	GlobalSection(ProjectConfigurationPlatforms) = postSolution
		{357B72F8-4CD4-4D0A-8D39-2E25E0AED074}.Debug|Any CPU.ActiveCfg = Debug|Any CPU
		{357B72F8-4CD4-4D0A-8D39-2E25E0AED074}.Debug|Any CPU.Build.0 = Debug|Any CPU
		{357B72F8-4CD4-4D0A-8D39-2E25E0AED074}.Release|Any CPU.ActiveCfg = Release|Any CPU
		{357B72F8-4CD4-4D0A-8D39-2E25E0AED074}.Release|Any CPU.Build.0 = Release|Any CPU
		{C0D9B1C0-A890-421E-A357-A7B608C4C751}.Debug|Any CPU.ActiveCfg = Debug|Any CPU
		{C0D9B1C0-A890-421E-A357-A7B608C4C751}.Debug|Any CPU.Build.0 = Debug|Any CPU
		{C0D9B1C0-A890-421E-A357-A7B608C4C751}.Release|Any CPU.ActiveCfg = Release|Any CPU
		{C0D9B1C0-A890-421E-A357-A7B608C4C751}.Release|Any CPU.Build.0 = Release|Any CPU
		{E0ED926C-1BBC-4302-B71C-798D26A2AAAC}.Debug|Any CPU.ActiveCfg = Debug|Any CPU
		{E0ED926C-1BBC-4302-B71C-798D26A2AAAC}.Debug|Any CPU.Build.0 = Debug|Any CPU
		{E0ED926C-1BBC-4302-B71C-798D26A2AAAC}.Release|Any CPU.ActiveCfg = Release|Any CPU
		{E0ED926C-1BBC-4302-B71C-798D26A2AAAC}.Release|Any CPU.Build.0 = Release|Any CPU
	EndGlobalSection
	GlobalSection(SolutionProperties) = preSolution
		HideSolutionNode = FALSE
	EndGlobalSection
	GlobalSection(ExtensibilityGlobals) = postSolution
		SolutionGuid = {DAB824BF-B980-402B-8DDA-92AE0C039047}
	EndGlobalSection
EndGlobal
